
Microsoft Visual Studio Solution File, Format Version 12.00
Project("{FAE04EC0-301F-11D3-BF4B-00C04F79EFBC}") = "Hypertext", "Hypertext\Hypertext.csproj", "{D15B4227-B34C-49FE-A575-7BA98AD8F1C8}"
EndProject
Project("{FAE04EC0-301F-11D3-BF4B-00C04F79EFBC}") = "Hypertext.Bootstrap5", "Hypertext.Bootstrap5\Hypertext.Bootstrap5.csproj", "{80008C8C-3489-41B6-9B6F-86EF6802B01F}"
EndProject
Global
	GlobalSection(SolutionConfigurationPlatforms) = preSolution
		Debug|Any CPU = Debug|Any CPU
		Release|Any CPU = Release|Any CPU
	EndGlobalSection
	GlobalSection(ProjectConfigurationPlatforms) = postSolution
		{D15B4227-B34C-49FE-A575-7BA98AD8F1C8}.Debug|Any CPU.ActiveCfg = Debug|Any CPU
		{D15B4227-B34C-49FE-A575-7BA98AD8F1C8}.Debug|Any CPU.Build.0 = Debug|Any CPU
		{D15B4227-B34C-49FE-A575-7BA98AD8F1C8}.Release|Any CPU.ActiveCfg = Release|Any CPU
		{D15B4227-B34C-49FE-A575-7BA98AD8F1C8}.Release|Any CPU.Build.0 = Release|Any CPU
		{80008C8C-3489-41B6-9B6F-86EF6802B01F}.Debug|Any CPU.ActiveCfg = Debug|Any CPU
		{80008C8C-3489-41B6-9B6F-86EF6802B01F}.Debug|Any CPU.Build.0 = Debug|Any CPU
		{80008C8C-3489-41B6-9B6F-86EF6802B01F}.Release|Any CPU.ActiveCfg = Release|Any CPU
		{80008C8C-3489-41B6-9B6F-86EF6802B01F}.Release|Any CPU.Build.0 = Release|Any CPU
	EndGlobalSection
EndGlobal
